
Microsoft Visual Studio Solution File, Format Version 12.00
# Visual Studio Version 17
VisualStudioVersion = 17.5.33502.453
MinimumVisualStudioVersion = 10.0.40219.1
Project("{FAE04EC0-301F-11D3-BF4B-00C04F79EFBC}") = "Tienda", "Tienda\Tienda.csproj", "{CFFEA5A5-1B7D-41F8-B861-2303408A37CF}"
EndProject
Global
	GlobalSection(SolutionConfigurationPlatforms) = preSolution
		Debug|Any CPU = Debug|Any CPU
		Release|Any CPU = Release|Any CPU
	EndGlobalSection
	GlobalSection(ProjectConfigurationPlatforms) = postSolution
		{CFFEA5A5-1B7D-41F8-B861-2303408A37CF}.Debug|Any CPU.ActiveCfg = Debug|Any CPU
		{CFFEA5A5-1B7D-41F8-B861-2303408A37CF}.Debug|Any CPU.Build.0 = Debug|Any CPU
		{CFFEA5A5-1B7D-41F8-B861-2303408A37CF}.Release|Any CPU.ActiveCfg = Release|Any CPU
		{CFFEA5A5-1B7D-41F8-B861-2303408A37CF}.Release|Any CPU.Build.0 = Release|Any CPU
	EndGlobalSection
	GlobalSection(SolutionProperties) = preSolution
		HideSolutionNode = FALSE
	EndGlobalSection
	GlobalSection(ExtensibilityGlobals) = postSolution
		SolutionGuid = {7AEE36AE-20A0-46CD-8831-708CEE7B623B}
	EndGlobalSection
EndGlobal
